
Microsoft Visual Studio Solution File, Format Version 12.00
# Visual Studio 15
VisualStudioVersion = 15.0.28307.106
MinimumVisualStudioVersion = 10.0.40219.1
Project("{FAE04EC0-301F-11D3-BF4B-00C04F79EFBC}") = "VisualizadorServico.Apresentacao", "Principal\VisualizadorServico.Apresentacao.csproj", "{B84B319F-B64A-4C63-8BB8-A6B5ED48E9C1}"
EndProject
Project("{2150E333-8FDC-42A3-9474-1A3956D46DE8}") = "Apresentacao", "Apresentacao", "{F8F792DF-8C08-4253-ABD1-629A551E3100}"
EndProject
Project("{2150E333-8FDC-42A3-9474-1A3956D46DE8}") = "Servico", "Servico", "{4ABDC828-957A-4AE8-807D-847F5215916E}"
EndProject
Project("{FAE04EC0-301F-11D3-BF4B-00C04F79EFBC}") = "VisualizadorServico.Servico", "VisualizadorServico.Servico\VisualizadorServico.Servico.csproj", "{08D953B7-A89D-4DE8-8D87-9CAA698A9929}"
EndProject
Project("{2150E333-8FDC-42A3-9474-1A3956D46DE8}") = "Dominio", "Dominio", "{0CD39240-B0AD-4D1D-AE6E-20D1C5A80083}"
EndProject
Project("{FAE04EC0-301F-11D3-BF4B-00C04F79EFBC}") = "VisualizadorServico.Dominio", "VisualizadorServico.Dominio\VisualizadorServico.Dominio.csproj", "{3EE87440-6316-452A-A12F-3871BA49F040}"
EndProject
Global
	GlobalSection(SolutionConfigurationPlatforms) = preSolution
		Debug|Any CPU = Debug|Any CPU
		Release|Any CPU = Release|Any CPU
	EndGlobalSection
	GlobalSection(ProjectConfigurationPlatforms) = postSolution
		{B84B319F-B64A-4C63-8BB8-A6B5ED48E9C1}.Debug|Any CPU.ActiveCfg = Debug|Any CPU
		{B84B319F-B64A-4C63-8BB8-A6B5ED48E9C1}.Debug|Any CPU.Build.0 = Debug|Any CPU
		{B84B319F-B64A-4C63-8BB8-A6B5ED48E9C1}.Release|Any CPU.ActiveCfg = Release|Any CPU
		{B84B319F-B64A-4C63-8BB8-A6B5ED48E9C1}.Release|Any CPU.Build.0 = Release|Any CPU
		{08D953B7-A89D-4DE8-8D87-9CAA698A9929}.Debug|Any CPU.ActiveCfg = Debug|Any CPU
		{08D953B7-A89D-4DE8-8D87-9CAA698A9929}.Debug|Any CPU.Build.0 = Debug|Any CPU
		{08D953B7-A89D-4DE8-8D87-9CAA698A9929}.Release|Any CPU.ActiveCfg = Release|Any CPU
		{08D953B7-A89D-4DE8-8D87-9CAA698A9929}.Release|Any CPU.Build.0 = Release|Any CPU
		{3EE87440-6316-452A-A12F-3871BA49F040}.Debug|Any CPU.ActiveCfg = Debug|Any CPU
		{3EE87440-6316-452A-A12F-3871BA49F040}.Debug|Any CPU.Build.0 = Debug|Any CPU
		{3EE87440-6316-452A-A12F-3871BA49F040}.Release|Any CPU.ActiveCfg = Release|Any CPU
		{3EE87440-6316-452A-A12F-3871BA49F040}.Release|Any CPU.Build.0 = Release|Any CPU
	EndGlobalSection
	GlobalSection(SolutionProperties) = preSolution
		HideSolutionNode = FALSE
	EndGlobalSection
	GlobalSection(NestedProjects) = preSolution
		{B84B319F-B64A-4C63-8BB8-A6B5ED48E9C1} = {F8F792DF-8C08-4253-ABD1-629A551E3100}
		{08D953B7-A89D-4DE8-8D87-9CAA698A9929} = {4ABDC828-957A-4AE8-807D-847F5215916E}
		{3EE87440-6316-452A-A12F-3871BA49F040} = {0CD39240-B0AD-4D1D-AE6E-20D1C5A80083}
	EndGlobalSection
	GlobalSection(ExtensibilityGlobals) = postSolution
		SolutionGuid = {138FB164-D564-49AF-A86D-5B52ECAF7936}
	EndGlobalSection
EndGlobal
